# This file is automatically @generated by Cargo.
# It is not intended for manual editing.
version = 4

[[package]]
name = "mochi-cext-abi"
version = "0.1.0"

[[package]]
name = "mochi-disk-cext"
version = "0.1.0"
dependencies = [
    "mochi-cext-abi",
]

[[package]]
name = "mochi-ext2-cext"
version = "0.1.0"
dependencies = [
    "mochi-cext-abi",
]
